
Microsoft Visual Studio Solution File, Format Version 12.00
# Visual Studio Version 17
VisualStudioVersion = 17.9.34616.47
MinimumVisualStudioVersion = 10.0.40219.1
Project("{FAE04EC0-301F-11D3-BF4B-00C04F79EFBC}") = "MAUI_CONTROLS", "MAUI_CONTROLS.csproj", "{A3796F44-1C5F-41C4-9B82-0AF481A4C3AD}"
EndProject
Global
	GlobalSection(SolutionConfigurationPlatforms) = preSolution
		Debug|Any CPU = Debug|Any CPU
		Release|Any CPU = Release|Any CPU
	EndGlobalSection
	GlobalSection(ProjectConfigurationPlatforms) = postSolution
		{A3796F44-1C5F-41C4-9B82-0AF481A4C3AD}.Debug|Any CPU.ActiveCfg = Debug|Any CPU
		{A3796F44-1C5F-41C4-9B82-0AF481A4C3AD}.Debug|Any CPU.Build.0 = Debug|Any CPU
		{A3796F44-1C5F-41C4-9B82-0AF481A4C3AD}.Debug|Any CPU.Deploy.0 = Debug|Any CPU
		{A3796F44-1C5F-41C4-9B82-0AF481A4C3AD}.Release|Any CPU.ActiveCfg = Release|Any CPU
		{A3796F44-1C5F-41C4-9B82-0AF481A4C3AD}.Release|Any CPU.Build.0 = Release|Any CPU
		{A3796F44-1C5F-41C4-9B82-0AF481A4C3AD}.Release|Any CPU.Deploy.0 = Release|Any CPU
	EndGlobalSection
	GlobalSection(SolutionProperties) = preSolution
		HideSolutionNode = FALSE
	EndGlobalSection
	GlobalSection(ExtensibilityGlobals) = postSolution
		SolutionGuid = {84837E51-DA1D-4F5C-8EDC-276D65419A8F}
	EndGlobalSection
EndGlobal
